
Microsoft Visual Studio Solution File, Format Version 12.00
# Visual Studio Version 17
VisualStudioVersion = 17.9.34723.18
MinimumVisualStudioVersion = 10.0.40219.1
Project("{9A19103F-16F7-4668-BE54-9A1E7A4F7556}") = "rgr_ant", "rgr_ant.csproj", "{A3F913CA-AD90-48B7-9499-1F93B5DD3F99}"
EndProject
Project("{FAE04EC0-301F-11D3-BF4B-00C04F79EFBC}") = "UnitTestAnt.Tests", "..\UnitTestAnt.Tests\UnitTestAnt.Tests.csproj", "{7375EDF1-FDD2-458F-B475-4AC257F1DE4E}"
EndProject
Global
	GlobalSection(SolutionConfigurationPlatforms) = preSolution
		Debug|Any CPU = Debug|Any CPU
		Release|Any CPU = Release|Any CPU
	EndGlobalSection
	GlobalSection(ProjectConfigurationPlatforms) = postSolution
		{A3F913CA-AD90-48B7-9499-1F93B5DD3F99}.Debug|Any CPU.ActiveCfg = Debug|Any CPU
		{A3F913CA-AD90-48B7-9499-1F93B5DD3F99}.Debug|Any CPU.Build.0 = Debug|Any CPU
		{A3F913CA-AD90-48B7-9499-1F93B5DD3F99}.Release|Any CPU.ActiveCfg = Release|Any CPU
		{A3F913CA-AD90-48B7-9499-1F93B5DD3F99}.Release|Any CPU.Build.0 = Release|Any CPU
		{7375EDF1-FDD2-458F-B475-4AC257F1DE4E}.Debug|Any CPU.ActiveCfg = Debug|Any CPU
		{7375EDF1-FDD2-458F-B475-4AC257F1DE4E}.Debug|Any CPU.Build.0 = Debug|Any CPU
		{7375EDF1-FDD2-458F-B475-4AC257F1DE4E}.Release|Any CPU.ActiveCfg = Release|Any CPU
		{7375EDF1-FDD2-458F-B475-4AC257F1DE4E}.Release|Any CPU.Build.0 = Release|Any CPU
	EndGlobalSection
	GlobalSection(SolutionProperties) = preSolution
		HideSolutionNode = FALSE
	EndGlobalSection
	GlobalSection(ExtensibilityGlobals) = postSolution
		SolutionGuid = {C14CC165-FF3E-4209-B0F6-3729DF0F3C26}
	EndGlobalSection
EndGlobal
